
Microsoft Visual Studio Solution File, Format Version 12.00
# Visual Studio Version 16
VisualStudioVersion = 16.0.31019.35
MinimumVisualStudioVersion = 10.0.40219.1
Project("{FAE04EC0-301F-11D3-BF4B-00C04F79EFBC}") = "Collision Avoidance", "CollisionAvoidance\Collision Avoidance.csproj", "{2B423BA6-D655-4ADB-9150-2E3788F5E9EC}"
EndProject
Project("{FAE04EC0-301F-11D3-BF4B-00C04F79EFBC}") = "ArpaFromCamera", "ArpaFromCamera\ArpaFromCamera.csproj", "{D8D4ECA9-BBD9-4217-B205-62A0EC3733BA}"
EndProject
Project("{FAE04EC0-301F-11D3-BF4B-00C04F79EFBC}") = "TFDetect", "TFDetect\TFDetect.csproj", "{CB5D6225-A7BE-47C1-9FBD-DCA1E5432EF1}"
EndProject
Project("{9A19103F-16F7-4668-BE54-9A1E7A4F7556}") = "Collision Avoidance Core", "CoreApp\Collision Avoidance Core.csproj", "{5C5EB9E6-9941-4CB0-B5A5-53E873BB8773}"
EndProject
Project("{FAE04EC0-301F-11D3-BF4B-00C04F79EFBC}") = "TFDetectCore", "TFDetectCore\TFDetectCore.csproj", "{9BB1B3FC-B0CD-49CF-903D-BB20AF7F09AF}"
EndProject
Global
	GlobalSection(SolutionConfigurationPlatforms) = preSolution
		All|Any CPU = All|Any CPU
		All|x64 = All|x64
		Debug|Any CPU = Debug|Any CPU
		Debug|x64 = Debug|x64
		Release|Any CPU = Release|Any CPU
		Release|x64 = Release|x64
	EndGlobalSection
	GlobalSection(ProjectConfigurationPlatforms) = postSolution
		{2B423BA6-D655-4ADB-9150-2E3788F5E9EC}.All|Any CPU.ActiveCfg = Release|Any CPU
		{2B423BA6-D655-4ADB-9150-2E3788F5E9EC}.All|Any CPU.Build.0 = Release|Any CPU
		{2B423BA6-D655-4ADB-9150-2E3788F5E9EC}.All|x64.ActiveCfg = Release|x64
		{2B423BA6-D655-4ADB-9150-2E3788F5E9EC}.All|x64.Build.0 = Release|x64
		{2B423BA6-D655-4ADB-9150-2E3788F5E9EC}.Debug|Any CPU.ActiveCfg = Debug|x64
		{2B423BA6-D655-4ADB-9150-2E3788F5E9EC}.Debug|Any CPU.Build.0 = Debug|x64
		{2B423BA6-D655-4ADB-9150-2E3788F5E9EC}.Debug|x64.ActiveCfg = Debug|x64
		{2B423BA6-D655-4ADB-9150-2E3788F5E9EC}.Debug|x64.Build.0 = Debug|x64
		{2B423BA6-D655-4ADB-9150-2E3788F5E9EC}.Release|Any CPU.ActiveCfg = Release|x64
		{2B423BA6-D655-4ADB-9150-2E3788F5E9EC}.Release|Any CPU.Build.0 = Release|x64
		{2B423BA6-D655-4ADB-9150-2E3788F5E9EC}.Release|x64.ActiveCfg = Release|x64
		{2B423BA6-D655-4ADB-9150-2E3788F5E9EC}.Release|x64.Build.0 = Release|x64
		{D8D4ECA9-BBD9-4217-B205-62A0EC3733BA}.All|Any CPU.ActiveCfg = Release|Any CPU
		{D8D4ECA9-BBD9-4217-B205-62A0EC3733BA}.All|Any CPU.Build.0 = Release|Any CPU
		{D8D4ECA9-BBD9-4217-B205-62A0EC3733BA}.All|x64.ActiveCfg = Release|x64
		{D8D4ECA9-BBD9-4217-B205-62A0EC3733BA}.All|x64.Build.0 = Release|x64
		{D8D4ECA9-BBD9-4217-B205-62A0EC3733BA}.Debug|Any CPU.ActiveCfg = Debug|x64
		{D8D4ECA9-BBD9-4217-B205-62A0EC3733BA}.Debug|Any CPU.Build.0 = Debug|x64
		{D8D4ECA9-BBD9-4217-B205-62A0EC3733BA}.Debug|x64.ActiveCfg = Debug|x64
		{D8D4ECA9-BBD9-4217-B205-62A0EC3733BA}.Debug|x64.Build.0 = Debug|x64
		{D8D4ECA9-BBD9-4217-B205-62A0EC3733BA}.Release|Any CPU.ActiveCfg = Release|x64
		{D8D4ECA9-BBD9-4217-B205-62A0EC3733BA}.Release|Any CPU.Build.0 = Release|x64
		{D8D4ECA9-BBD9-4217-B205-62A0EC3733BA}.Release|x64.ActiveCfg = Release|x64
		{D8D4ECA9-BBD9-4217-B205-62A0EC3733BA}.Release|x64.Build.0 = Release|x64
		{CB5D6225-A7BE-47C1-9FBD-DCA1E5432EF1}.All|Any CPU.ActiveCfg = Debug|Any CPU
		{CB5D6225-A7BE-47C1-9FBD-DCA1E5432EF1}.All|Any CPU.Build.0 = Debug|Any CPU
		{CB5D6225-A7BE-47C1-9FBD-DCA1E5432EF1}.All|x64.ActiveCfg = Release|x64
		{CB5D6225-A7BE-47C1-9FBD-DCA1E5432EF1}.All|x64.Build.0 = Release|x64
		{CB5D6225-A7BE-47C1-9FBD-DCA1E5432EF1}.Debug|Any CPU.ActiveCfg = Debug|x64
		{CB5D6225-A7BE-47C1-9FBD-DCA1E5432EF1}.Debug|Any CPU.Build.0 = Debug|x64
		{CB5D6225-A7BE-47C1-9FBD-DCA1E5432EF1}.Debug|x64.ActiveCfg = Debug|x64
		{CB5D6225-A7BE-47C1-9FBD-DCA1E5432EF1}.Debug|x64.Build.0 = Debug|x64
		{CB5D6225-A7BE-47C1-9FBD-DCA1E5432EF1}.Release|Any CPU.ActiveCfg = Release|x64
		{CB5D6225-A7BE-47C1-9FBD-DCA1E5432EF1}.Release|Any CPU.Build.0 = Release|x64
		{CB5D6225-A7BE-47C1-9FBD-DCA1E5432EF1}.Release|x64.ActiveCfg = Release|x64
		{CB5D6225-A7BE-47C1-9FBD-DCA1E5432EF1}.Release|x64.Build.0 = Release|x64
		{5C5EB9E6-9941-4CB0-B5A5-53E873BB8773}.All|Any CPU.ActiveCfg = Debug|Any CPU
		{5C5EB9E6-9941-4CB0-B5A5-53E873BB8773}.All|Any CPU.Build.0 = Debug|Any CPU
		{5C5EB9E6-9941-4CB0-B5A5-53E873BB8773}.All|x64.ActiveCfg = Debug|x64
		{5C5EB9E6-9941-4CB0-B5A5-53E873BB8773}.All|x64.Build.0 = Debug|x64
		{5C5EB9E6-9941-4CB0-B5A5-53E873BB8773}.Debug|Any CPU.ActiveCfg = Debug|Any CPU
		{5C5EB9E6-9941-4CB0-B5A5-53E873BB8773}.Debug|Any CPU.Build.0 = Debug|Any CPU
		{5C5EB9E6-9941-4CB0-B5A5-53E873BB8773}.Debug|x64.ActiveCfg = Debug|x64
		{5C5EB9E6-9941-4CB0-B5A5-53E873BB8773}.Debug|x64.Build.0 = Debug|x64
		{5C5EB9E6-9941-4CB0-B5A5-53E873BB8773}.Release|Any CPU.ActiveCfg = Release|Any CPU
		{5C5EB9E6-9941-4CB0-B5A5-53E873BB8773}.Release|Any CPU.Build.0 = Release|Any CPU
		{5C5EB9E6-9941-4CB0-B5A5-53E873BB8773}.Release|x64.ActiveCfg = Release|x64
		{5C5EB9E6-9941-4CB0-B5A5-53E873BB8773}.Release|x64.Build.0 = Release|x64
		{9BB1B3FC-B0CD-49CF-903D-BB20AF7F09AF}.All|Any CPU.ActiveCfg = Debug|Any CPU
		{9BB1B3FC-B0CD-49CF-903D-BB20AF7F09AF}.All|Any CPU.Build.0 = Debug|Any CPU
		{9BB1B3FC-B0CD-49CF-903D-BB20AF7F09AF}.All|x64.ActiveCfg = Debug|x64
		{9BB1B3FC-B0CD-49CF-903D-BB20AF7F09AF}.All|x64.Build.0 = Debug|x64
		{9BB1B3FC-B0CD-49CF-903D-BB20AF7F09AF}.Debug|Any CPU.ActiveCfg = Debug|Any CPU
		{9BB1B3FC-B0CD-49CF-903D-BB20AF7F09AF}.Debug|Any CPU.Build.0 = Debug|Any CPU
		{9BB1B3FC-B0CD-49CF-903D-BB20AF7F09AF}.Debug|x64.ActiveCfg = Debug|x64
		{9BB1B3FC-B0CD-49CF-903D-BB20AF7F09AF}.Debug|x64.Build.0 = Debug|x64
		{9BB1B3FC-B0CD-49CF-903D-BB20AF7F09AF}.Release|Any CPU.ActiveCfg = Release|Any CPU
		{9BB1B3FC-B0CD-49CF-903D-BB20AF7F09AF}.Release|Any CPU.Build.0 = Release|Any CPU
		{9BB1B3FC-B0CD-49CF-903D-BB20AF7F09AF}.Release|x64.ActiveCfg = Release|x64
		{9BB1B3FC-B0CD-49CF-903D-BB20AF7F09AF}.Release|x64.Build.0 = Release|x64
	EndGlobalSection
	GlobalSection(SolutionProperties) = preSolution
		HideSolutionNode = FALSE
	EndGlobalSection
	GlobalSection(ExtensibilityGlobals) = postSolution
		SolutionGuid = {608E6C18-DD35-434E-8AE7-530C1CAE6198}
	EndGlobalSection
EndGlobal
